PODS:
  - AFNetworking (3.2.1):
    - AFNetworking/NSURLSession (= 3.2.1)
    - AFNetworking/Reachability (= 3.2.1)
    - AFNetworking/Security (= 3.2.1)
    - AFNetworking/Serialization (= 3.2.1)
    - AFNetworking/UIKit (= 3.2.1)
  - AFNetworking/NSURLSession (3.2.1):
    - AFNetworking/Reachability
    - AFNetworking/Security
    - AFNetworking/Serialization
  - AFNetworking/Reachability (3.2.1)
  - AFNetworking/Security (3.2.1)
  - AFNetworking/Serialization (3.2.1)
  - AFNetworking/UIKit (3.2.1):
    - AFNetworking/NSURLSession
  - FBSnapshotTestCase (2.1.4):
    - FBSnapshotTestCase/SwiftSupport (= 2.1.4)
  - FBSnapshotTestCase/Core (2.1.4)
  - FBSnapshotTestCase/SwiftSupport (2.1.4):
    - FBSnapshotTestCase/Core
  - Kiwi (3.0.0)
  - SSNetworkOC (0.1.0):
    - AFNetworking

DEPENDENCIES:
  - AFNetworking
  - FBSnapshotTestCase
  - Kiwi
  - SSNetworkOC (from `../`)

SPEC REPOS:
  trunk:
    - AFNetworking
    - FBSnapshotTestCase
    - Kiwi

EXTERNAL SOURCES:
  SSNetworkOC:
    :path: "../"

SPEC CHECKSUMS:
  AFNetworking: b6f891fdfaed196b46c7a83cf209e09697b94057
  FBSnapshotTestCase: 094f9f314decbabe373b87cc339bea235a63e07a
  Kiwi: fbeafef0f00e4d8f7dcb3420a4930afe70af77f7
  SSNetworkOC: 3a1145341ccd5ff822e27021b0eae44da0dc9a3b

PODFILE CHECKSUM: 81354777e4cc7a0baff1a6a76b903cddae174fa3

COCOAPODS: 1.8.4
